
Microsoft Visual Studio Solution File, Format Version 12.00
# Visual Studio 15
VisualStudioVersion = 15.0.28307.438
MinimumVisualStudioVersion = 10.0.40219.1
Project("{FAE04EC0-301F-11D3-BF4B-00C04F79EFBC}") = "NewsPublish.Web", "NewsPublish.Web\NewsPublish.Web.csproj", "{7F94917F-7725-40DB-BA89-D4312A238C03}"
EndProject
Project("{FAE04EC0-301F-11D3-BF4B-00C04F79EFBC}") = "NewsPublish.Model", "NewsPublish.Model\NewsPublish.Model.csproj", "{60F08BBD-B41C-45E8-9E7B-A36191DD4F1E}"
EndProject
Project("{FAE04EC0-301F-11D3-BF4B-00C04F79EFBC}") = "NewsPublish.Service", "NewsPublish.Service\NewsPublish.Service.csproj", "{1EF5C262-B850-4F8A-912C-06160FC870C2}"
EndProject
Global
	GlobalSection(SolutionConfigurationPlatforms) = preSolution
		Debug|Any CPU = Debug|Any CPU
		Release|Any CPU = Release|Any CPU
	EndGlobalSection
	GlobalSection(ProjectConfigurationPlatforms) = postSolution
		{7F94917F-7725-40DB-BA89-D4312A238C03}.Debug|Any CPU.ActiveCfg = Debug|Any CPU
		{7F94917F-7725-40DB-BA89-D4312A238C03}.Debug|Any CPU.Build.0 = Debug|Any CPU
		{7F94917F-7725-40DB-BA89-D4312A238C03}.Release|Any CPU.ActiveCfg = Release|Any CPU
		{7F94917F-7725-40DB-BA89-D4312A238C03}.Release|Any CPU.Build.0 = Release|Any CPU
		{60F08BBD-B41C-45E8-9E7B-A36191DD4F1E}.Debug|Any CPU.ActiveCfg = Debug|Any CPU
		{60F08BBD-B41C-45E8-9E7B-A36191DD4F1E}.Debug|Any CPU.Build.0 = Debug|Any CPU
		{60F08BBD-B41C-45E8-9E7B-A36191DD4F1E}.Release|Any CPU.ActiveCfg = Release|Any CPU
		{60F08BBD-B41C-45E8-9E7B-A36191DD4F1E}.Release|Any CPU.Build.0 = Release|Any CPU
		{1EF5C262-B850-4F8A-912C-06160FC870C2}.Debug|Any CPU.ActiveCfg = Debug|Any CPU
		{1EF5C262-B850-4F8A-912C-06160FC870C2}.Debug|Any CPU.Build.0 = Debug|Any CPU
		{1EF5C262-B850-4F8A-912C-06160FC870C2}.Release|Any CPU.ActiveCfg = Release|Any CPU
		{1EF5C262-B850-4F8A-912C-06160FC870C2}.Release|Any CPU.Build.0 = Release|Any CPU
	EndGlobalSection
	GlobalSection(SolutionProperties) = preSolution
		HideSolutionNode = FALSE
	EndGlobalSection
	GlobalSection(ExtensibilityGlobals) = postSolution
		SolutionGuid = {77D0382C-D8B9-42D8-A447-831B006FF3EB}
	EndGlobalSection
EndGlobal
